
Microsoft Visual Studio Solution File, Format Version 12.00
# Visual Studio Version 17
VisualStudioVersion = 17.3.32929.385
MinimumVisualStudioVersion = 10.0.40219.1
Project("{8BC9CEB8-8B4A-11D0-8D11-00A0C91BC942}") = "curs9", "curs9.vcxproj", "{26A4F813-7CCD-4461-8E0D-3F057EDC1014}"
EndProject
Global
	GlobalSection(SolutionConfigurationPlatforms) = preSolution
		Debug|x64 = Debug|x64
		Debug|x86 = Debug|x86
		Release|x64 = Release|x64
		Release|x86 = Release|x86
	EndGlobalSection
	GlobalSection(ProjectConfigurationPlatforms) = postSolution
		{26A4F813-7CCD-4461-8E0D-3F057EDC1014}.Debug|x64.ActiveCfg = Debug|x64
		{26A4F813-7CCD-4461-8E0D-3F057EDC1014}.Debug|x64.Build.0 = Debug|x64
		{26A4F813-7CCD-4461-8E0D-3F057EDC1014}.Debug|x86.ActiveCfg = Debug|Win32
		{26A4F813-7CCD-4461-8E0D-3F057EDC1014}.Debug|x86.Build.0 = Debug|Win32
		{26A4F813-7CCD-4461-8E0D-3F057EDC1014}.Release|x64.ActiveCfg = Release|x64
		{26A4F813-7CCD-4461-8E0D-3F057EDC1014}.Release|x64.Build.0 = Release|x64
		{26A4F813-7CCD-4461-8E0D-3F057EDC1014}.Release|x86.ActiveCfg = Release|Win32
		{26A4F813-7CCD-4461-8E0D-3F057EDC1014}.Release|x86.Build.0 = Release|Win32
	EndGlobalSection
	GlobalSection(SolutionProperties) = preSolution
		HideSolutionNode = FALSE
	EndGlobalSection
	GlobalSection(ExtensibilityGlobals) = postSolution
		SolutionGuid = {4B619A38-4D8A-4C0C-82BC-66CE7D1098EC}
	EndGlobalSection
EndGlobal
